// !$*UTF8*$!
{
	archiveVersion = 1;
	classes = {
	};
	objectVersion = 50;
	objects = {

/* Begin PBXBuildFile section */
		9DFAB6D02508F7BA0071BAEA /* AppDelegate.swift in Sources */ = {isa = PBXBuildFile; fileRef = 9DFAB6CF2508F7BA0071BAEA /* AppDelegate.swift */; };
		9DFAB6D22508F7BA0071BAEA /* SceneDelegate.swift in Sources */ = {isa = PBXBuildFile; fileRef = 9DFAB6D12508F7BA0071BAEA /* SceneDelegate.swift */; };
		9DFAB6D42508F7BA0071BAEA /* ViewController.swift in Sources */ = {isa = PBXBuildFile; fileRef = 9DFAB6D32508F7BA0071BAEA /* ViewController.swift */; };
		9DFAB6D72508F7BA0071BAEA /* Main.storyboard in Resources */ = {isa = PBXBuildFile; fileRef = 9DFAB6D52508F7BA0071BAEA /* Main.storyboard */; };
		9DFAB6D92508F7BD0071BAEA /* Assets.xcassets in Resources */ = {isa = PBXBuildFile; fileRef = 9DFAB6D82508F7BD0071BAEA /* Assets.xcassets */; };
		9DFAB6DC2508F7BD0071BAEA /* LaunchScreen.storyboard in Resources */ = {isa = PBXBuildFile; fileRef = 9DFAB6DA2508F7BD0071BAEA /* LaunchScreen.storyboard */; };
/* End PBXBuildFile section */

/* Begin PBXFileReference section */
		9DFAB6CC2508F7BA0071BAEA /* FlashChat.app */ = {isa = PBXFileReference; explicitFileType = wrapper.application; includeInIndex = 0; path = FlashChat.app; sourceTree = BUILT_PRODUCTS_DIR; };
		9DFAB6CF2508F7BA0071BAEA /* AppDelegate.swift */ = {isa = PBXFileReference; lastKnownFileType = sourcecode.swift; path = AppDelegate.swift; sourceTree = "<group>"; };
		9DFAB6D12508F7BA0071BAEA /* SceneDelegate.swift */ = {isa = PBXFileReference; lastKnownFileType = sourcecode.swift; path = SceneDelegate.swift; sourceTree = "<group>"; };
		9DFAB6D32508F7BA0071BAEA /* ViewController.swift */ = {isa = PBXFileReference; lastKnownFileType = sourcecode.swift; path = ViewController.swift; sourceTree = "<group>"; };
		9DFAB6D62508F7BA0071BAEA /* Base */ = {isa = PBXFileReference; lastKnownFileType = file.storyboard; name = Base; path = Base.lproj/Main.storyboard; sourceTree = "<group>"; };
		9DFAB6D82508F7BD0071BAEA /* Assets.xcassets */ = {isa = PBXFileReference; lastKnownFileType = folder.assetcatalog; path = Assets.xcassets; sourceTree = "<group>"; };
		9DFAB6DB2508F7BD0071BAEA /* Base */ = {isa = PBXFileReference; lastKnownFileType = file.storyboard; name = Base; path = Base.lproj/LaunchScreen.storyboard; sourceTree = "<group>"; };
		9DFAB6DD2508F7BD0071BAEA /* Info.plist */ = {isa = PBXFileReference; lastKnownFileType = text.plist.xml; path = Info.plist; sourceTree = "<group>"; };
/* End PBXFileReference section */

/* Begin PBXFrameworksBuildPhase section */
		9DFAB6C92508F7BA0071BAEA /* Frameworks */ = {
			isa = PBXFrameworksBuildPhase;
			buildActionMask = 2147483647;
			files = (
			);
			runOnlyForDeploymentPostprocessing = 0;
		};
/* End PBXFrameworksBuildPhase section */

/* Begin PBXGroup section */
		9DFAB6C32508F7BA0071BAEA = {
			isa = PBXGroup;
			children = (
				9DFAB6CE2508F7BA0071BAEA /* FlashChat */,
				9DFAB6CD2508F7BA0071BAEA /* Products */,
			);
			sourceTree = "<group>";
		};
		9DFAB6CD2508F7BA0071BAEA /* Products */ = {
			isa = PBXGroup;
			children = (
				9DFAB6CC2508F7BA0071BAEA /* FlashChat.app */,
			);
			name = Products;
			sourceTree = "<group>";
		};
		9DFAB6CE2508F7BA0071BAEA /* FlashChat */ = {
			isa = PBXGroup;
			children = (
				9DFAB6CF2508F7BA0071BAEA /* AppDelegate.swift */,
				9DFAB6D12508F7BA0071BAEA /* SceneDelegate.swift */,
				9DFAB6D32508F7BA0071BAEA /* ViewController.swift */,
				9DFAB6D52508F7BA0071BAEA /* Main.storyboard */,
				9DFAB6D82508F7BD0071BAEA /* Assets.xcassets */,
				9DFAB6DA2508F7BD0071BAEA /* LaunchScreen.storyboard */,
				9DFAB6DD2508F7BD0071BAEA /* Info.plist */,
			);
			path = FlashChat;
			sourceTree = "<group>";
		};
/* End PBXGroup section */

/* Begin PBXNativeTarget section */
		9DFAB6CB2508F7BA0071BAEA /* FlashChat */ = {
			isa = PBXNativeTarget;
			buildConfigurationList = 9DFAB6E02508F7BD0071BAEA /* Build configuration list for PBXNativeTarget "FlashChat" */;
			buildPhases = (
				9DFAB6C82508F7BA0071BAEA /* Sources */,
				9DFAB6C92508F7BA0071BAEA /* Frameworks */,
				9DFAB6CA2508F7BA0071BAEA /* Resources */,
			);
			buildRules = (
			);
			dependencies = (
			);
			name = FlashChat;
			productName = FlashChat;
			productReference = 9DFAB6CC2508F7BA0071BAEA /* FlashChat.app */;
			productType = "com.apple.product-type.application";
		};
/* End PBXNativeTarget section */

/* Begin PBXProject section */
		9DFAB6C42508F7BA0071BAEA /* Project object */ = {
			isa = PBXProject;
			attributes = {
				LastSwiftUpdateCheck = 1160;
				LastUpgradeCheck = 1160;
				ORGANIZATIONNAME = Shruti;
				TargetAttributes = {
					9DFAB6CB2508F7BA0071BAEA = {
						CreatedOnToolsVersion = 11.6;
					};
				};
			};
			buildConfigurationList = 9DFAB6C72508F7BA0071BAEA /* Build configuration list for PBXProject "FlashChat" */;
			compatibilityVersion = "Xcode 9.3";
			developmentRegion = en;
			hasScannedForEncodings = 0;
			knownRegions = (
				en,
				Base,
			);
			mainGroup = 9DFAB6C32508F7BA0071BAEA;
			productRefGroup = 9DFAB6CD2508F7BA0071BAEA /* Products */;
			projectDirPath = "";
			projectRoot = "";
			targets = (
				9DFAB6CB2508F7BA0071BAEA /* FlashChat */,
			);
		};
/* End PBXProject section */

/* Begin PBXResourcesBuildPhase section */
		9DFAB6CA2508F7BA0071BAEA /* Resources */ = {
			isa = PBXResourcesBuildPhase;
			buildActionMask = 2147483647;
			files = (
				9DFAB6DC2508F7BD0071BAEA /* LaunchScreen.storyboard in Resources */,
				9DFAB6D92508F7BD0071BAEA /* Assets.xcassets in Resources */,
				9DFAB6D72508F7BA0071BAEA /* Main.storyboard in Resources */,
			);
			runOnlyForDeploymentPostprocessing = 0;
		};
/* End PBXResourcesBuildPhase section */

/* Begin PBXSourcesBuildPhase section */
		9DFAB6C82508F7BA0071BAEA /* Sources */ = {
			isa = PBXSourcesBuildPhase;
			buildActionMask = 2147483647;
			files = (
				9DFAB6D42508F7BA0071BAEA /* ViewController.swift in Sources */,
				9DFAB6D02508F7BA0071BAEA /* AppDelegate.swift in Sources */,
				9DFAB6D22508F7BA0071BAEA /* SceneDelegate.swift in Sources */,
			);
			runOnlyForDeploymentPostprocessing = 0;
		};
/* End PBXSourcesBuildPhase section */

/* Begin PBXVariantGroup section */
		9DFAB6D52508F7BA0071BAEA /* Main.storyboard */ = {
			isa = PBXVariantGroup;
			children = (
				9DFAB6D62508F7BA0071BAEA /* Base */,
			);
			name = Main.storyboard;
			sourceTree = "<group>";
		};
		9DFAB6DA2508F7BD0071BAEA /* LaunchScreen.storyboard */ = {
			isa = PBXVariantGroup;
			children = (
				9DFAB6DB2508F7BD0071BAEA /* Base */,
			);
			name = LaunchScreen.storyboard;
			sourceTree = "<group>";
		};
/* End PBXVariantGroup section */

/* Begin XCBuildConfiguration section */
		9DFAB6DE2508F7BD0071BAEA /* Debug */ = {
			isa = XCBuildConfiguration;
			buildSettings = {
				ALWAYS_SEARCH_USER_PATHS = NO;
				CLANG_ANALYZER_NONNULL = YES;
				CLANG_ANALYZER_NUMBER_OBJECT_CONVERSION = YES_AGGRESSIVE;
				CLANG_CXX_LANGUAGE_STANDARD = "gnu++14";
				CLANG_CXX_LIBRARY = "libc++";
				CLANG_ENABLE_MODULES = YES;
				CLANG_ENABLE_OBJC_ARC = YES;
				CLANG_ENABLE_OBJC_WEAK = YES;
				CLANG_WARN_BLOCK_CAPTURE_AUTORELEASING = YES;
				CLANG_WARN_BOOL_CONVERSION = YES;
				CLANG_WARN_COMMA = YES;
				CLANG_WARN_CONSTANT_CONVERSION = YES;
				CLANG_WARN_DEPRECATED_OBJC_IMPLEMENTATIONS = YES;
				CLANG_WARN_DIRECT_OBJC_ISA_USAGE = YES_ERROR;
				CLANG_WARN_DOCUMENTATION_COMMENTS = YES;
				CLANG_WARN_EMPTY_BODY = YES;
				CLANG_WARN_ENUM_CONVERSION = YES;
				CLANG_WARN_INFINITE_RECURSION = YES;
				CLANG_WARN_INT_CONVERSION = YES;
				CLANG_WARN_NON_LITERAL_NULL_CONVERSION = YES;
				CLANG_WARN_OBJC_IMPLICIT_RETAIN_SELF = YES;
				CLANG_WARN_OBJC_LITERAL_CONVERSION = YES;
				CLANG_WARN_OBJC_ROOT_CLASS = YES_ERROR;
				CLANG_WARN_RANGE_LOOP_ANALYSIS = YES;
				CLANG_WARN_STRICT_PROTOTYPES = YES;
				CLANG_WARN_SUSPICIOUS_MOVE = YES;
				CLANG_WARN_UNGUARDED_AVAILABILITY = YES_AGGRESSIVE;
				CLANG_WARN_UNREACHABLE_CODE = YES;
				CLANG_WARN__DUPLICATE_METHOD_MATCH = YES;
				COPY_PHASE_STRIP = NO;
				DEBUG_INFORMATION_FORMAT = dwarf;
				ENABLE_STRICT_OBJC_MSGSEND = YES;
				ENABLE_TESTABILITY = YES;
				GCC_C_LANGUAGE_STANDARD = gnu11;
				GCC_DYNAMIC_NO_PIC = NO;
				GCC_NO_COMMON_BLOCKS = YES;
				GCC_OPTIMIZATION_LEVEL = 0;
				GCC_PREPROCESSOR_DEFINITIONS = (
					"DEBUG=1",
					"$(inherited)",
				);
				GCC_WARN_64_TO_32_BIT_CONVERSION = YES;
				GCC_WARN_ABOUT_RETURN_TYPE = YES_ERROR;
				GCC_WARN_UNDECLARED_SELECTOR = YES;
				GCC_WARN_UNINITIALIZED_AUTOS = YES_AGGRESSIVE;
				GCC_WARN_UNUSED_FUNCTION = YES;
				GCC_WARN_UNUSED_VARIABLE = YES;
				IPHONEOS_DEPLOYMENT_TARGET = 13.6;
				MTL_ENABLE_DEBUG_INFO = INCLUDE_SOURCE;
				MTL_FAST_MATH = YES;
				ONLY_ACTIVE_ARCH = YES;
				SDKROOT = iphoneos;
				SWIFT_ACTIVE_COMPILATION_CONDITIONS = DEBUG;
				SWIFT_OPTIMIZATION_LEVEL = "-Onone";
			};
			name = Debug;
		};
		9DFAB6DF2508F7BD0071BAEA /* Release */ = {
			isa = XCBuildConfiguration;
			buildSettings = {
				ALWAYS_SEARCH_USER_PATHS = NO;
				CLANG_ANALYZER_NONNULL = YES;
				CLANG_ANALYZER_NUMBER_OBJECT_CONVERSION = YES_AGGRESSIVE;
				CLANG_CXX_LANGUAGE_STANDARD = "gnu++14";
				CLANG_CXX_LIBRARY = "libc++";
				CLANG_ENABLE_MODULES = YES;
				CLANG_ENABLE_OBJC_ARC = YES;
				CLANG_ENABLE_OBJC_WEAK = YES;
				CLANG_WARN_BLOCK_CAPTURE_AUTORELEASING = YES;
				CLANG_WARN_BOOL_CONVERSION = YES;
				CLANG_WARN_COMMA = YES;
				CLANG_WARN_CONSTANT_CONVERSION = YES;
				CLANG_WARN_DEPRECATED_OBJC_IMPLEMENTATIONS = YES;
				CLANG_WARN_DIRECT_OBJC_ISA_USAGE = YES_ERROR;
				CLANG_WARN_DOCUMENTATION_COMMENTS = YES;
				CLANG_WARN_EMPTY_BODY = YES;
				CLANG_WARN_ENUM_CONVERSION = YES;
				CLANG_WARN_INFINITE_RECURSION = YES;
				CLANG_WARN_INT_CONVERSION = YES;
				CLANG_WARN_NON_LITERAL_NULL_CONVERSION = YES;
				CLANG_WARN_OBJC_IMPLICIT_RETAIN_SELF = YES;
				CLANG_WARN_OBJC_LITERAL_CONVERSION = YES;
				CLANG_WARN_OBJC_ROOT_CLASS = YES_ERROR;
				CLANG_WARN_RANGE_LOOP_ANALYSIS = YES;
				CLANG_WARN_STRICT_PROTOTYPES = YES;
				CLANG_WARN_SUSPICIOUS_MOVE = YES;
				CLANG_WARN_UNGUARDED_AVAILABILITY = YES_AGGRESSIVE;
				CLANG_WARN_UNREACHABLE_CODE = YES;
				CLANG_WARN__DUPLICATE_METHOD_MATCH = YES;
				COPY_PHASE_STRIP = NO;
				DEBUG_INFORMATION_FORMAT = "dwarf-with-dsym";
				ENABLE_NS_ASSERTIONS = NO;
				ENABLE_STRICT_OBJC_MSGSEND = YES;
				GCC_C_LANGUAGE_STANDARD = gnu11;
				GCC_NO_COMMON_BLOCKS = YES;
				GCC_WARN_64_TO_32_BIT_CONVERSION = YES;
				GCC_WARN_ABOUT_RETURN_TYPE = YES_ERROR;
				GCC_WARN_UNDECLARED_SELECTOR = YES;
				GCC_WARN_UNINITIALIZED_AUTOS = YES_AGGRESSIVE;
				GCC_WARN_UNUSED_FUNCTION = YES;
				GCC_WARN_UNUSED_VARIABLE = YES;
				IPHONEOS_DEPLOYMENT_TARGET = 13.6;
				MTL_ENABLE_DEBUG_INFO = NO;
				MTL_FAST_MATH = YES;
				SDKROOT = iphoneos;
				SWIFT_COMPILATION_MODE = wholemodule;
				SWIFT_OPTIMIZATION_LEVEL = "-O";
				VALIDATE_PRODUCT = YES;
			};
			name = Release;
		};
		9DFAB6E12508F7BD0071BAEA /* Debug */ = {
			isa = XCBuildConfiguration;
			buildSettings = {
				ASSETCATALOG_COMPILER_APPICON_NAME = AppIcon;
				CODE_SIGN_STYLE = Automatic;
				DEVELOPMENT_TEAM = 3GV45NM4A6;
				INFOPLIST_FILE = FlashChat/Info.plist;
				LD_RUNPATH_SEARCH_PATHS = (
					"$(inherited)",
					"@executable_path/Frameworks",
				);
				PRODUCT_BUNDLE_IDENTIFIER = co.shruti.FlashChat;
				PRODUCT_NAME = "$(TARGET_NAME)";
				SWIFT_VERSION = 5.0;
				TARGETED_DEVICE_FAMILY = "1,2";
			};
			name = Debug;
		};
		9DFAB6E22508F7BD0071BAEA /* Release */ = {
			isa = XCBuildConfiguration;
			buildSettings = {
				ASSETCATALOG_COMPILER_APPICON_NAME = AppIcon;
				CODE_SIGN_STYLE = Automatic;
				DEVELOPMENT_TEAM = 3GV45NM4A6;
				INFOPLIST_FILE = FlashChat/Info.plist;
				LD_RUNPATH_SEARCH_PATHS = (
					"$(inherited)",
					"@executable_path/Frameworks",
				);
				PRODUCT_BUNDLE_IDENTIFIER = co.shruti.FlashChat;
				PRODUCT_NAME = "$(TARGET_NAME)";
				SWIFT_VERSION = 5.0;
				TARGETED_DEVICE_FAMILY = "1,2";
			};
			name = Release;
		};
/* End XCBuildConfiguration section */

/* Begin XCConfigurationList section */
		9DFAB6C72508F7BA0071BAEA /* Build configuration list for PBXProject "FlashChat" */ = {
			isa = XCConfigurationList;
			buildConfigurations = (
				9DFAB6DE2508F7BD0071BAEA /* Debug */,
				9DFAB6DF2508F7BD0071BAEA /* Release */,
			);
			defaultConfigurationIsVisible = 0;
			defaultConfigurationName = Release;
		};
		9DFAB6E02508F7BD0071BAEA /* Build configuration list for PBXNativeTarget "FlashChat" */ = {
			isa = XCConfigurationList;
			buildConfigurations = (
				9DFAB6E12508F7BD0071BAEA /* Debug */,
				9DFAB6E22508F7BD0071BAEA /* Release */,
			);
			defaultConfigurationIsVisible = 0;
			defaultConfigurationName = Release;
		};
/* End XCConfigurationList section */
	};
	rootObject = 9DFAB6C42508F7BA0071BAEA /* Project object */;
}
